<?xml version="1.0" encoding="utf-8"?>
<Project ToolsVersion="4.0" xmlns="http://schemas.microsoft.com/developer/msbuild/2003">
  <ItemGroup>
    <Filter Include="Source Files">
      <UniqueIdentifier>{4FC737F1-C7A5-4376-A066-2A32D752A2FF}</UniqueIdentifier>
      <Extensions>cpp;c;cc;cxx;def;odl;idl;hpj;bat;asm;asmx</Extensions>
    </Filter>
    <Filter Include="Header Files">
      <UniqueIdentifier>{93995380-89BD-4b04-88EB-625FBE52EBFB}</UniqueIdentifier>
      <Extensions>h;hh;hpp;hxx;hm;inl;inc;xsd</Extensions>
    </Filter>
    <Filter Include="Resource Files">
      <UniqueIdentifier>{67DA6AB6-F800-4c08-8B7A-83BB121AAD01}</UniqueIdentifier>
      <Extensions>rc;ico;cur;bmp;dlg;rc2;rct;bin;rgs;gif;jpg;jpeg;jpe;resx;tiff;tif;png;wav;mfcribbon-ms</Extensions>
    </Filter>
    <Filter Include="Source Files\caves">
      <UniqueIdentifier>{6bfe234d-189a-4d83-9c91-63845c6747f7}</UniqueIdentifier>
    </Filter>
    <Filter Include="Source Files\multineat">
      <UniqueIdentifier>{d34a2adb-893b-4477-8450-42030b7f955f}</UniqueIdentifier>
    </Filter>
    <Filter Include="Header Files\multineat">
      <UniqueIdentifier>{b02747bd-50b2-485d-87a1-eb4ff802d5f4}</UniqueIdentifier>
    </Filter>
  </ItemGroup>
  <ItemGroup>
    <Text Include="ReadMe.txt" />
  </ItemGroup>
  <ItemGroup>
    <ClInclude Include="stdafx.h">
      <Filter>Header Files</Filter>
    </ClInclude>
    <ClInclude Include="targetver.h">
      <Filter>Header Files</Filter>
    </ClInclude>
    <ClInclude Include="Game.h">
      <Filter>Header Files</Filter>
    </ClInclude>
    <ClInclude Include="Util.h">
      <Filter>Header Files</Filter>
    </ClInclude>
    <ClInclude Include="CodeCave.h">
      <Filter>Header Files</Filter>
    </ClInclude>
    <ClInclude Include="AllCaves.h">
      <Filter>Header Files</Filter>
    </ClInclude>
    <ClInclude Include="GameStructs.h">
      <Filter>Header Files</Filter>
    </ClInclude>
    <ClInclude Include="..\thirdparty\MultiNEAT\src\Assert.h">
      <Filter>Header Files\multineat</Filter>
    </ClInclude>
    <ClInclude Include="..\thirdparty\MultiNEAT\src\Genes.h">
      <Filter>Header Files\multineat</Filter>
    </ClInclude>
    <ClInclude Include="..\thirdparty\MultiNEAT\src\Genome.h">
      <Filter>Header Files\multineat</Filter>
    </ClInclude>
    <ClInclude Include="..\thirdparty\MultiNEAT\src\Innovation.h">
      <Filter>Header Files\multineat</Filter>
    </ClInclude>
    <ClInclude Include="..\thirdparty\MultiNEAT\src\NeuralNetwork.h">
      <Filter>Header Files\multineat</Filter>
    </ClInclude>
    <ClInclude Include="..\thirdparty\MultiNEAT\src\Parameters.h">
      <Filter>Header Files\multineat</Filter>
    </ClInclude>
    <ClInclude Include="..\thirdparty\MultiNEAT\src\PhenotypeBehavior.h">
      <Filter>Header Files\multineat</Filter>
    </ClInclude>
    <ClInclude Include="..\thirdparty\MultiNEAT\src\Population.h">
      <Filter>Header Files\multineat</Filter>
    </ClInclude>
    <ClInclude Include="..\thirdparty\MultiNEAT\src\PythonBindings.h">
      <Filter>Header Files\multineat</Filter>
    </ClInclude>
    <ClInclude Include="..\thirdparty\MultiNEAT\src\Random.h">
      <Filter>Header Files\multineat</Filter>
    </ClInclude>
    <ClInclude Include="..\thirdparty\MultiNEAT\src\Species.h">
      <Filter>Header Files\multineat</Filter>
    </ClInclude>
    <ClInclude Include="..\thirdparty\MultiNEAT\src\Substrate.h">
      <Filter>Header Files\multineat</Filter>
    </ClInclude>
    <ClInclude Include="..\thirdparty\MultiNEAT\src\Utils.h">
      <Filter>Header Files\multineat</Filter>
    </ClInclude>
    <ClInclude Include="LLNeural.h">
      <Filter>Header Files</Filter>
    </ClInclude>
  </ItemGroup>
  <ItemGroup>
    <ClCompile Include="stdafx.cpp">
      <Filter>Source Files</Filter>
    </ClCompile>
    <ClCompile Include="Game.cpp">
      <Filter>Source Files</Filter>
    </ClCompile>
    <ClCompile Include="Util.cpp">
      <Filter>Source Files</Filter>
    </ClCompile>
    <ClCompile Include="main.cpp">
      <Filter>Source Files</Filter>
    </ClCompile>
    <ClCompile Include="BallCave.cpp">
      <Filter>Source Files\caves</Filter>
    </ClCompile>
    <ClCompile Include="GameRulesCave.cpp">
      <Filter>Source Files\caves</Filter>
    </ClCompile>
    <ClCompile Include="ResetCave.cpp">
      <Filter>Source Files\caves</Filter>
    </ClCompile>
    <ClCompile Include="DevCave.cpp">
      <Filter>Source Files\caves</Filter>
    </ClCompile>
    <ClCompile Include="StageCave.cpp">
      <Filter>Source Files\caves</Filter>
    </ClCompile>
    <ClCompile Include="PlayerCave.cpp">
      <Filter>Source Files\caves</Filter>
    </ClCompile>
    <ClCompile Include="PlayerSpawnCave.cpp">
      <Filter>Source Files\caves</Filter>
    </ClCompile>
    <ClCompile Include="..\thirdparty\MultiNEAT\src\Genome.cpp">
      <Filter>Source Files\multineat</Filter>
    </ClCompile>
    <ClCompile Include="..\thirdparty\MultiNEAT\src\Innovation.cpp">
      <Filter>Source Files\multineat</Filter>
    </ClCompile>
    <ClCompile Include="..\thirdparty\MultiNEAT\src\NeuralNetwork.cpp">
      <Filter>Source Files\multineat</Filter>
    </ClCompile>
    <ClCompile Include="..\thirdparty\MultiNEAT\src\Parameters.cpp">
      <Filter>Source Files\multineat</Filter>
    </ClCompile>
    <ClCompile Include="..\thirdparty\MultiNEAT\src\PhenotypeBehavior.cpp">
      <Filter>Source Files\multineat</Filter>
    </ClCompile>
    <ClCompile Include="..\thirdparty\MultiNEAT\src\Population.cpp">
      <Filter>Source Files\multineat</Filter>
    </ClCompile>
    <ClCompile Include="..\thirdparty\MultiNEAT\src\PythonBindings.cpp">
      <Filter>Source Files\multineat</Filter>
    </ClCompile>
    <ClCompile Include="..\thirdparty\MultiNEAT\src\Random.cpp">
      <Filter>Source Files\multineat</Filter>
    </ClCompile>
    <ClCompile Include="..\thirdparty\MultiNEAT\src\Species.cpp">
      <Filter>Source Files\multineat</Filter>
    </ClCompile>
    <ClCompile Include="..\thirdparty\MultiNEAT\src\Substrate.cpp">
      <Filter>Source Files\multineat</Filter>
    </ClCompile>
    <ClCompile Include="..\thirdparty\MultiNEAT\src\Utils.cpp">
      <Filter>Source Files\multineat</Filter>
    </ClCompile>
    <ClCompile Include="WindowFocusCave.cpp">
      <Filter>Source Files\caves</Filter>
    </ClCompile>
    <ClCompile Include="InputOverrideCave.cpp">
      <Filter>Source Files\caves</Filter>
    </ClCompile>
    <ClCompile Include="LLNeural.cpp">
      <Filter>Source Files</Filter>
    </ClCompile>
  </ItemGroup>
</Project>