
Microsoft Visual Studio Solution File, Format Version 12.00
# Visual Studio 14
VisualStudioVersion = 14.0.24720.0
MinimumVisualStudioVersion = 10.0.40219.1
Project("{8BC9CEB8-8B4A-11D0-8D11-00A0C91BC942}") = "PlayLethalLeague", "PlayLethalLeague\PlayLethalLeague.vcxproj", "{48B334F4-067E-4F50-9890-F07BBBC00B28}"
EndProject
Global
	GlobalSection(SolutionConfigurationPlatforms) = preSolution
		DLL|x86 = DLL|x86
	EndGlobalSection
	GlobalSection(ProjectConfigurationPlatforms) = postSolution
		{48B334F4-067E-4F50-9890-F07BBBC00B28}.DLL|x86.ActiveCfg = Debug|Win32
		{48B334F4-067E-4F50-9890-F07BBBC00B28}.DLL|x86.Build.0 = Debug|Win32
	EndGlobalSection
	GlobalSection(SolutionProperties) = preSolution
		HideSolutionNode = FALSE
	EndGlobalSection
EndGlobal
