
Microsoft Visual Studio Solution File, Format Version 12.00
# Visual Studio 14
VisualStudioVersion = 14.0.24720.0
MinimumVisualStudioVersion = 10.0.40219.1
Project("{8BC9CEB8-8B4A-11D0-8D11-00A0C91BC942}") = "PlayLethalLeague", "PlayLethalLeague\PlayLethalLeague.vcxproj", "{48B334F4-067E-4F50-9890-F07BBBC00B28}"
EndProject
Project("{8BC9CEB8-8B4A-11D0-8D11-00A0C91BC942}") = "TestLoadLethalLeague", "TestLoadLethalLeague\TestLoadLethalLeague.vcxproj", "{CDA680E5-D186-4D8F-81E1-B7061DEDEFDD}"
EndProject
Global
	GlobalSection(SolutionConfigurationPlatforms) = preSolution
		Debug|Any CPU = Debug|Any CPU
		Debug|x64 = Debug|x64
		Debug|x86 = Debug|x86
		DLL|Any CPU = DLL|Any CPU
		DLL|x64 = DLL|x64
		DLL|x86 = DLL|x86
		Release|Any CPU = Release|Any CPU
		Release|x64 = Release|x64
		Release|x86 = Release|x86
	EndGlobalSection
	GlobalSection(ProjectConfigurationPlatforms) = postSolution
		{48B334F4-067E-4F50-9890-F07BBBC00B28}.Debug|Any CPU.ActiveCfg = Debug|Win32
		{48B334F4-067E-4F50-9890-F07BBBC00B28}.Debug|x64.ActiveCfg = Debug|x64
		{48B334F4-067E-4F50-9890-F07BBBC00B28}.Debug|x64.Build.0 = Debug|x64
		{48B334F4-067E-4F50-9890-F07BBBC00B28}.Debug|x86.ActiveCfg = Debug|Win32
		{48B334F4-067E-4F50-9890-F07BBBC00B28}.Debug|x86.Build.0 = Debug|Win32
		{48B334F4-067E-4F50-9890-F07BBBC00B28}.DLL|Any CPU.ActiveCfg = Release|x64
		{48B334F4-067E-4F50-9890-F07BBBC00B28}.DLL|Any CPU.Build.0 = Release|x64
		{48B334F4-067E-4F50-9890-F07BBBC00B28}.DLL|x64.ActiveCfg = Debug|x64
		{48B334F4-067E-4F50-9890-F07BBBC00B28}.DLL|x64.Build.0 = Debug|x64
		{48B334F4-067E-4F50-9890-F07BBBC00B28}.DLL|x86.ActiveCfg = Debug|Win32
		{48B334F4-067E-4F50-9890-F07BBBC00B28}.DLL|x86.Build.0 = Debug|Win32
		{48B334F4-067E-4F50-9890-F07BBBC00B28}.Release|Any CPU.ActiveCfg = Release|Win32
		{48B334F4-067E-4F50-9890-F07BBBC00B28}.Release|x64.ActiveCfg = Release|x64
		{48B334F4-067E-4F50-9890-F07BBBC00B28}.Release|x64.Build.0 = Release|x64
		{48B334F4-067E-4F50-9890-F07BBBC00B28}.Release|x86.ActiveCfg = Release|Win32
		{48B334F4-067E-4F50-9890-F07BBBC00B28}.Release|x86.Build.0 = Release|Win32
		{CDA680E5-D186-4D8F-81E1-B7061DEDEFDD}.Debug|Any CPU.ActiveCfg = Debug|Win32
		{CDA680E5-D186-4D8F-81E1-B7061DEDEFDD}.Debug|x64.ActiveCfg = Debug|x64
		{CDA680E5-D186-4D8F-81E1-B7061DEDEFDD}.Debug|x64.Build.0 = Debug|x64
		{CDA680E5-D186-4D8F-81E1-B7061DEDEFDD}.Debug|x86.ActiveCfg = Debug|Win32
		{CDA680E5-D186-4D8F-81E1-B7061DEDEFDD}.Debug|x86.Build.0 = Debug|Win32
		{CDA680E5-D186-4D8F-81E1-B7061DEDEFDD}.DLL|Any CPU.ActiveCfg = Release|x64
		{CDA680E5-D186-4D8F-81E1-B7061DEDEFDD}.DLL|Any CPU.Build.0 = Release|x64
		{CDA680E5-D186-4D8F-81E1-B7061DEDEFDD}.DLL|x64.ActiveCfg = Debug|x64
		{CDA680E5-D186-4D8F-81E1-B7061DEDEFDD}.DLL|x64.Build.0 = Debug|x64
		{CDA680E5-D186-4D8F-81E1-B7061DEDEFDD}.DLL|x86.ActiveCfg = Debug|Win32
		{CDA680E5-D186-4D8F-81E1-B7061DEDEFDD}.DLL|x86.Build.0 = Debug|Win32
		{CDA680E5-D186-4D8F-81E1-B7061DEDEFDD}.Release|Any CPU.ActiveCfg = Release|Win32
		{CDA680E5-D186-4D8F-81E1-B7061DEDEFDD}.Release|x64.ActiveCfg = Release|x64
		{CDA680E5-D186-4D8F-81E1-B7061DEDEFDD}.Release|x64.Build.0 = Release|x64
		{CDA680E5-D186-4D8F-81E1-B7061DEDEFDD}.Release|x86.ActiveCfg = Release|Win32
		{CDA680E5-D186-4D8F-81E1-B7061DEDEFDD}.Release|x86.Build.0 = Release|Win32
	EndGlobalSection
	GlobalSection(SolutionProperties) = preSolution
		HideSolutionNode = FALSE
	EndGlobalSection
EndGlobal
